{
  "version": 4,
  "terraform_version": "1.6.5",
  "serial": 9,
  "lineage": "c9a4c327-9867-7be1-88a9-64e113bd9ee0",
  "outputs": {},
  "resources": [
    {
      "mode": "managed",
      "type": "google_tags_tag_key",
      "name": "tag_key",
      "provider": "provider[\"registry.terraform.io/hashicorp/google\"]",
      "instances": [
        {
          "index_key": "department",
          "schema_version": 0,
          "attributes": {
            "create_time": "2024-11-20T02:29:47.031895Z",
            "description": "costCenter tags",
            "id": "tagKeys/281483772688572",
            "name": "281483772688572",
            "namespaced_name": "anonymous-442118/costcenter",
            "parent": "projects/115453397244",
            "purpose": "",
            "purpose_data": null,
            "short_name": "costcenter",
            "timeouts": null,
            "update_time": "2024-11-20T02:29:47.031895Z"
          },
          "sensitive_attributes": [],
          "private": "eyJlMmJmYjczMC1lY2FhLTExZTYtOGY4OC0zNDM2M2JjN2M0YzAiOnsiY3JlYXRlIjoxMjAwMDAwMDAwMDAwLCJkZWxldGUiOjEyMDAwMDAwMDAwMDAsInVwZGF0ZSI6MTIwMDAwMDAwMDAwMH19"
        },
        {
          "index_key": "environment",
          "schema_version": 0,
          "attributes": {
            "create_time": "2024-11-20T02:29:36.220883Z",
            "description": "Environment tags",
            "id": "tagKeys/281481801022105",
            "name": "281481801022105",
            "namespaced_name": "anonymous-442118/environment",
            "parent": "projects/115453397244",
            "purpose": "",
            "purpose_data": null,
            "short_name": "environment",
            "timeouts": null,
            "update_time": "2024-11-20T02:29:36.220883Z"
          },
          "sensitive_attributes": [],
          "private": "eyJlMmJmYjczMC1lY2FhLTExZTYtOGY4OC0zNDM2M2JjN2M0YzAiOnsiY3JlYXRlIjoxMjAwMDAwMDAwMDAwLCJkZWxldGUiOjEyMDAwMDAwMDAwMDAsInVwZGF0ZSI6MTIwMDAwMDAwMDAwMH19"
        }
      ]
    },
    {
      "mode": "managed",
      "type": "google_tags_tag_value",
      "name": "tag_value",
      "provider": "provider[\"registry.terraform.io/hashicorp/google\"]",
      "instances": [
        {
          "index_key": "0",
          "schema_version": 0,
          "attributes": {
            "create_time": "2024-11-20T02:30:09.121533Z",
            "description": "IT department",
            "id": "tagValues/281479710681913",
            "name": "281479710681913",
            "namespaced_name": "anonymous-442118/costcenter/solutions",
            "parent": "tagKeys/281483772688572",
            "short_name": "solutions",
            "timeouts": null,
            "update_time": "2024-11-20T02:30:09.121533Z"
          },
          "sensitive_attributes": [],
          "private": "eyJlMmJmYjczMC1lY2FhLTExZTYtOGY4OC0zNDM2M2JjN2M0YzAiOnsiY3JlYXRlIjoxMjAwMDAwMDAwMDAwLCJkZWxldGUiOjEyMDAwMDAwMDAwMDAsInVwZGF0ZSI6MTIwMDAwMDAwMDAwMH19",
          "dependencies": [
            "google_tags_tag_key.tag_key"
          ]
        },
        {
          "index_key": "1",
          "schema_version": 0,
          "attributes": {
            "create_time": "2024-11-20T02:29:58.131686Z",
            "description": "Sales department",
            "id": "tagValues/281478275436841",
            "name": "281478275436841",
            "namespaced_name": "anonymous-442118/costcenter/corporate_sales",
            "parent": "tagKeys/281483772688572",
            "short_name": "corporate_sales",
            "timeouts": null,
            "update_time": "2024-11-20T02:29:58.131686Z"
          },
          "sensitive_attributes": [],
          "private": "eyJlMmJmYjczMC1lY2FhLTExZTYtOGY4OC0zNDM2M2JjN2M0YzAiOnsiY3JlYXRlIjoxMjAwMDAwMDAwMDAwLCJkZWxldGUiOjEyMDAwMDAwMDAwMDAsInVwZGF0ZSI6MTIwMDAwMDAwMDAwMH19",
          "dependencies": [
            "google_tags_tag_key.tag_key"
          ]
        },
        {
          "index_key": "2",
          "schema_version": 0,
          "attributes": {
            "create_time": "2024-11-20T02:29:58.057796Z",
            "description": "Development environment",
            "id": "tagValues/281484340342441",
            "name": "281484340342441",
            "namespaced_name": "anonymous-442118/environment/dev",
            "parent": "tagKeys/281481801022105",
            "short_name": "dev",
            "timeouts": null,
            "update_time": "2024-11-20T02:29:58.057796Z"
          },
          "sensitive_attributes": [],
          "private": "eyJlMmJmYjczMC1lY2FhLTExZTYtOGY4OC0zNDM2M2JjN2M0YzAiOnsiY3JlYXRlIjoxMjAwMDAwMDAwMDAwLCJkZWxldGUiOjEyMDAwMDAwMDAwMDAsInVwZGF0ZSI6MTIwMDAwMDAwMDAwMH19",
          "dependencies": [
            "google_tags_tag_key.tag_key"
          ]
        },
        {
          "index_key": "3",
          "schema_version": 0,
          "attributes": {
            "create_time": "2024-11-20T02:30:08.818164Z",
            "description": "Production environment",
            "id": "tagValues/281478880289471",
            "name": "281478880289471",
            "namespaced_name": "anonymous-442118/environment/prod",
            "parent": "tagKeys/281481801022105",
            "short_name": "prod",
            "timeouts": null,
            "update_time": "2024-11-20T02:30:08.818164Z"
          },
          "sensitive_attributes": [],
          "private": "eyJlMmJmYjczMC1lY2FhLTExZTYtOGY4OC0zNDM2M2JjN2M0YzAiOnsiY3JlYXRlIjoxMjAwMDAwMDAwMDAwLCJkZWxldGUiOjEyMDAwMDAwMDAwMDAsInVwZGF0ZSI6MTIwMDAwMDAwMDAwMH19",
          "dependencies": [
            "google_tags_tag_key.tag_key"
          ]
        },
        {
          "index_key": "4",
          "schema_version": 0,
          "attributes": {
            "create_time": "2024-11-20T02:30:19.632556Z",
            "description": "Staging environment",
            "id": "tagValues/281476178975983",
            "name": "281476178975983",
            "namespaced_name": "anonymous-442118/environment/staging",
            "parent": "tagKeys/281481801022105",
            "short_name": "staging",
            "timeouts": null,
            "update_time": "2024-11-20T02:30:19.632556Z"
          },
          "sensitive_attributes": [],
          "private": "eyJlMmJmYjczMC1lY2FhLTExZTYtOGY4OC0zNDM2M2JjN2M0YzAiOnsiY3JlYXRlIjoxMjAwMDAwMDAwMDAwLCJkZWxldGUiOjEyMDAwMDAwMDAwMDAsInVwZGF0ZSI6MTIwMDAwMDAwMDAwMH19",
          "dependencies": [
            "google_tags_tag_key.tag_key"
          ]
        }
      ]
    }
  ],
  "check_results": null
}
